// !$*UTF8*$!
{
	archiveVersion = 1;
	classes = {
	};
	objectVersion = 56;
	objects = {

/* Begin PBXBuildFile section */
		CA67E7A02C6906B9000E03BB /* AppDelegateClass.swift in Sources */ = {isa = PBXBuildFile; fileRef = CA67E79F2C6906B9000E03BB /* AppDelegateClass.swift */; };
		CA67E7A52C692903000E03BB /* AuthCode.plist in Resources */ = {isa = PBXBuildFile; fileRef = CA67E7A42C692903000E03BB /* AuthCode.plist */; };
		CA67E7B42C6AEADA000E03BB /* NewYorkMedium-MediumItalic.otf in Resources */ = {isa = PBXBuildFile; fileRef = CA67E7B02C6AE0E4000E03BB /* NewYorkMedium-MediumItalic.otf */; };
		CA67E7B52C6AEADD000E03BB /* NewYorkMedium-Black.otf in Resources */ = {isa = PBXBuildFile; fileRef = CA67E7B12C6AE0E5000E03BB /* NewYorkMedium-Black.otf */; };
		CA67E7B62C6AEAE4000E03BB /* Gen Jyuu Gothic Monospace Medium.ttf in Resources */ = {isa = PBXBuildFile; fileRef = CA67E7A62C6A40AB000E03BB /* Gen Jyuu Gothic Monospace Medium.ttf */; };
		CA67E7B72C6AEAE6000E03BB /* Gen Jyuu Gothic Monospace Light.ttf in Resources */ = {isa = PBXBuildFile; fileRef = CA67E7A72C6A40B5000E03BB /* Gen Jyuu Gothic Monospace Light.ttf */; };
		CA67E7B82C6AEAE9000E03BB /* NewYorkMedium-SemiboldItalic.otf in Resources */ = {isa = PBXBuildFile; fileRef = CA67E7AF2C6AE0E4000E03BB /* NewYorkMedium-SemiboldItalic.otf */; };
		CA67E7B92C6AEAEC000E03BB /* NewYorkMedium-Semibold.otf in Resources */ = {isa = PBXBuildFile; fileRef = CA67E7AB2C6AE0E4000E03BB /* NewYorkMedium-Semibold.otf */; };
		CA67E7BA2C6AEAEE000E03BB /* NewYorkMedium-RegularItalic.otf in Resources */ = {isa = PBXBuildFile; fileRef = CA67E7AD2C6AE0E4000E03BB /* NewYorkMedium-RegularItalic.otf */; };
		CA67E7BB2C6AEAF0000E03BB /* NewYorkMedium-Regular.otf in Resources */ = {isa = PBXBuildFile; fileRef = CA67E7AA2C6AE0E4000E03BB /* NewYorkMedium-Regular.otf */; };
		CA67E7BC2C6AEAF4000E03BB /* NewYorkMedium-Medium.otf in Resources */ = {isa = PBXBuildFile; fileRef = CA67E7AC2C6AE0E4000E03BB /* NewYorkMedium-Medium.otf */; };
		CA67E7BD2C6AEAF7000E03BB /* NewYorkMedium-HeavyItalic.otf in Resources */ = {isa = PBXBuildFile; fileRef = CA67E7AE2C6AE0E4000E03BB /* NewYorkMedium-HeavyItalic.otf */; };
		CA67E7BE2C6AEAFB000E03BB /* NewYorkMedium-Heavy.otf in Resources */ = {isa = PBXBuildFile; fileRef = CA67E7B32C6AE0E5000E03BB /* NewYorkMedium-Heavy.otf */; };
		CA67E7BF2C6AEAFD000E03BB /* NewYorkMedium-BoldItalic.otf in Resources */ = {isa = PBXBuildFile; fileRef = CA67E7A92C6AE0E4000E03BB /* NewYorkMedium-BoldItalic.otf */; };
		CA67E7C02C6AEB01000E03BB /* NewYorkMedium-Bold.otf in Resources */ = {isa = PBXBuildFile; fileRef = CA67E7A82C6AE0E4000E03BB /* NewYorkMedium-Bold.otf */; };
		CA67E7C12C6AEB03000E03BB /* NewYorkMedium-BlackItalic.otf in Resources */ = {isa = PBXBuildFile; fileRef = CA67E7B22C6AE0E5000E03BB /* NewYorkMedium-BlackItalic.otf */; };
		CA80565A2C68F5D4002A8A4C /* FavoriteView.swift in Sources */ = {isa = PBXBuildFile; fileRef = CA8056592C68F5D4002A8A4C /* FavoriteView.swift */; };
		CA80565C2C68FBAA002A8A4C /* GoogleSignInButton.swift in Sources */ = {isa = PBXBuildFile; fileRef = CA80565B2C68FBAA002A8A4C /* GoogleSignInButton.swift */; };
		CAA3356A2C5A526500EA9700 /* GameView.swift in Sources */ = {isa = PBXBuildFile; fileRef = CAA335692C5A526500EA9700 /* GameView.swift */; };
		CAA3356E2C5A802400EA9700 /* guessClass.swift in Sources */ = {isa = PBXBuildFile; fileRef = CAA3356D2C5A802400EA9700 /* guessClass.swift */; };
		CAB4959C2C2812BC000F0CF3 /* KotobaDailyApp.swift in Sources */ = {isa = PBXBuildFile; fileRef = CAB4959B2C2812BC000F0CF3 /* KotobaDailyApp.swift */; };
		CAB4959E2C2812BC000F0CF3 /* ContentView.swift in Sources */ = {isa = PBXBuildFile; fileRef = CAB4959D2C2812BC000F0CF3 /* ContentView.swift */; };
		CAB495A02C2812BC000F0CF3 /* Item.swift in Sources */ = {isa = PBXBuildFile; fileRef = CAB4959F2C2812BC000F0CF3 /* Item.swift */; };
		CAB495A22C2812BD000F0CF3 /* Assets.xcassets in Resources */ = {isa = PBXBuildFile; fileRef = CAB495A12C2812BD000F0CF3 /* Assets.xcassets */; };
		CAB495A52C2812BD000F0CF3 /* Preview Assets.xcassets in Resources */ = {isa = PBXBuildFile; fileRef = CAB495A42C2812BD000F0CF3 /* Preview Assets.xcassets */; };
		CAB495AF2C2812BD000F0CF3 /* KotobaDailyTests.swift in Sources */ = {isa = PBXBuildFile; fileRef = CAB495AE2C2812BD000F0CF3 /* KotobaDailyTests.swift */; };
		CAB495B92C2812BD000F0CF3 /* KotobaDailyUITests.swift in Sources */ = {isa = PBXBuildFile; fileRef = CAB495B82C2812BD000F0CF3 /* KotobaDailyUITests.swift */; };
		CAB495BB2C2812BD000F0CF3 /* KotobaDailyUITestsLaunchTests.swift in Sources */ = {isa = PBXBuildFile; fileRef = CAB495BA2C2812BD000F0CF3 /* KotobaDailyUITestsLaunchTests.swift */; };
		CAB495D62C2863EB000F0CF3 /* Inter-SemiBold.otf in Resources */ = {isa = PBXBuildFile; fileRef = CAB495D52C2863EB000F0CF3 /* Inter-SemiBold.otf */; };
		CAB495D82C28641E000F0CF3 /* Inter-Bold.otf in Resources */ = {isa = PBXBuildFile; fileRef = CAB495D72C28641E000F0CF3 /* Inter-Bold.otf */; };
		CAB495DA2C286479000F0CF3 /* FontStyles.swift in Sources */ = {isa = PBXBuildFile; fileRef = CAB495D92C286479000F0CF3 /* FontStyles.swift */; };
		CAB495DC2C286661000F0CF3 /* InterDisplay-Thin.otf in Resources */ = {isa = PBXBuildFile; fileRef = CAB495DB2C286661000F0CF3 /* InterDisplay-Thin.otf */; };
		CAB495DE2C2866C0000F0CF3 /* InterDisplay-Regular.otf in Resources */ = {isa = PBXBuildFile; fileRef = CAB495DD2C2866C0000F0CF3 /* InterDisplay-Regular.otf */; };
		CAB495E02C2881E1000F0CF3 /* DailyWordView.swift in Sources */ = {isa = PBXBuildFile; fileRef = CAB495DF2C2881E1000F0CF3 /* DailyWordView.swift */; };
		CAB495E42C2971F4000F0CF3 /* toptext_Display.swift in Sources */ = {isa = PBXBuildFile; fileRef = CAB495E32C2971F4000F0CF3 /* toptext_Display.swift */; };
		CAB495E82C297333000F0CF3 /* KanjiView.swift in Sources */ = {isa = PBXBuildFile; fileRef = CAB495E72C297333000F0CF3 /* KanjiView.swift */; };
		CAB495EA2C29733E000F0CF3 /* SettingsView.swift in Sources */ = {isa = PBXBuildFile; fileRef = CAB495E92C29733E000F0CF3 /* SettingsView.swift */; };
		CAB495EC2C297350000F0CF3 /* YesterdayView.swift in Sources */ = {isa = PBXBuildFile; fileRef = CAB495EB2C297350000F0CF3 /* YesterdayView.swift */; };
		CAE3AD5B2C2AD43600CA01A8 /* APITests.swift in Sources */ = {isa = PBXBuildFile; fileRef = CAE3AD5A2C2AD43600CA01A8 /* APITests.swift */; };
		CAE3AD5D2C2AD50C00CA01A8 /* APIStructs.swift in Sources */ = {isa = PBXBuildFile; fileRef = CAE3AD5C2C2AD50C00CA01A8 /* APIStructs.swift */; };
		CAEC54142C6DE3C100034B58 /* GoogleSignIn in Frameworks */ = {isa = PBXBuildFile; productRef = CAEC54132C6DE3C100034B58 /* GoogleSignIn */; };
		CAEC54162C6DE3C100034B58 /* GoogleSignInSwift in Frameworks */ = {isa = PBXBuildFile; productRef = CAEC54152C6DE3C100034B58 /* GoogleSignInSwift */; };
		CAF69EE22C4CF08E00690685 /* settingClass.swift in Sources */ = {isa = PBXBuildFile; fileRef = CAF69EE12C4CF08E00690685 /* settingClass.swift */; };
/* End PBXBuildFile section */

/* Begin PBXContainerItemProxy section */
		CAB495AB2C2812BD000F0CF3 /* PBXContainerItemProxy */ = {
			isa = PBXContainerItemProxy;
			containerPortal = CAB495902C2812BC000F0CF3 /* Project object */;
			proxyType = 1;
			remoteGlobalIDString = CAB495972C2812BC000F0CF3;
			remoteInfo = KotobaDaily;
		};
		CAB495B52C2812BD000F0CF3 /* PBXContainerItemProxy */ = {
			isa = PBXContainerItemProxy;
			containerPortal = CAB495902C2812BC000F0CF3 /* Project object */;
			proxyType = 1;
			remoteGlobalIDString = CAB495972C2812BC000F0CF3;
			remoteInfo = KotobaDaily;
		};
/* End PBXContainerItemProxy section */

/* Begin PBXCopyFilesBuildPhase section */
		CAF69EFF2C4D096900690685 /* Embed Foundation Extensions */ = {
			isa = PBXCopyFilesBuildPhase;
			buildActionMask = 2147483647;
			dstPath = "";
			dstSubfolderSpec = 13;
			files = (
			);
			name = "Embed Foundation Extensions";
			runOnlyForDeploymentPostprocessing = 0;
		};
/* End PBXCopyFilesBuildPhase section */

/* Begin PBXFileReference section */
		CA67E79F2C6906B9000E03BB /* AppDelegateClass.swift */ = {isa = PBXFileReference; lastKnownFileType = sourcecode.swift; name = AppDelegateClass.swift; path = /Users/brandon/Desktop/Programming/KotobaDaily/KotobaDaily/AppDelegateClass.swift; sourceTree = "<absolute>"; };
		CA67E7A42C692903000E03BB /* AuthCode.plist */ = {isa = PBXFileReference; fileEncoding = 4; lastKnownFileType = text.plist.xml; path = AuthCode.plist; sourceTree = "<group>"; };
		CA67E7A62C6A40AB000E03BB /* Gen Jyuu Gothic Monospace Medium.ttf */ = {isa = PBXFileReference; lastKnownFileType = file; path = "Gen Jyuu Gothic Monospace Medium.ttf"; sourceTree = "<group>"; };
		CA67E7A72C6A40B5000E03BB /* Gen Jyuu Gothic Monospace Light.ttf */ = {isa = PBXFileReference; lastKnownFileType = file; path = "Gen Jyuu Gothic Monospace Light.ttf"; sourceTree = "<group>"; };
		CA67E7A82C6AE0E4000E03BB /* NewYorkMedium-Bold.otf */ = {isa = PBXFileReference; lastKnownFileType = file; path = "NewYorkMedium-Bold.otf"; sourceTree = "<group>"; };
		CA67E7A92C6AE0E4000E03BB /* NewYorkMedium-BoldItalic.otf */ = {isa = PBXFileReference; lastKnownFileType = file; path = "NewYorkMedium-BoldItalic.otf"; sourceTree = "<group>"; };
		CA67E7AA2C6AE0E4000E03BB /* NewYorkMedium-Regular.otf */ = {isa = PBXFileReference; lastKnownFileType = file; path = "NewYorkMedium-Regular.otf"; sourceTree = "<group>"; };
		CA67E7AB2C6AE0E4000E03BB /* NewYorkMedium-Semibold.otf */ = {isa = PBXFileReference; lastKnownFileType = file; path = "NewYorkMedium-Semibold.otf"; sourceTree = "<group>"; };
		CA67E7AC2C6AE0E4000E03BB /* NewYorkMedium-Medium.otf */ = {isa = PBXFileReference; lastKnownFileType = file; path = "NewYorkMedium-Medium.otf"; sourceTree = "<group>"; };
		CA67E7AD2C6AE0E4000E03BB /* NewYorkMedium-RegularItalic.otf */ = {isa = PBXFileReference; lastKnownFileType = file; path = "NewYorkMedium-RegularItalic.otf"; sourceTree = "<group>"; };
		CA67E7AE2C6AE0E4000E03BB /* NewYorkMedium-HeavyItalic.otf */ = {isa = PBXFileReference; lastKnownFileType = file; path = "NewYorkMedium-HeavyItalic.otf"; sourceTree = "<group>"; };
		CA67E7AF2C6AE0E4000E03BB /* NewYorkMedium-SemiboldItalic.otf */ = {isa = PBXFileReference; lastKnownFileType = file; path = "NewYorkMedium-SemiboldItalic.otf"; sourceTree = "<group>"; };
		CA67E7B02C6AE0E4000E03BB /* NewYorkMedium-MediumItalic.otf */ = {isa = PBXFileReference; lastKnownFileType = file; path = "NewYorkMedium-MediumItalic.otf"; sourceTree = "<group>"; };
		CA67E7B12C6AE0E5000E03BB /* NewYorkMedium-Black.otf */ = {isa = PBXFileReference; lastKnownFileType = file; path = "NewYorkMedium-Black.otf"; sourceTree = "<group>"; };
		CA67E7B22C6AE0E5000E03BB /* NewYorkMedium-BlackItalic.otf */ = {isa = PBXFileReference; lastKnownFileType = file; path = "NewYorkMedium-BlackItalic.otf"; sourceTree = "<group>"; };
		CA67E7B32C6AE0E5000E03BB /* NewYorkMedium-Heavy.otf */ = {isa = PBXFileReference; lastKnownFileType = file; path = "NewYorkMedium-Heavy.otf"; sourceTree = "<group>"; };
		CA8056592C68F5D4002A8A4C /* FavoriteView.swift */ = {isa = PBXFileReference; lastKnownFileType = sourcecode.swift; path = FavoriteView.swift; sourceTree = "<group>"; };
		CA80565B2C68FBAA002A8A4C /* GoogleSignInButton.swift */ = {isa = PBXFileReference; lastKnownFileType = sourcecode.swift; path = GoogleSignInButton.swift; sourceTree = "<group>"; };
		CAA335692C5A526500EA9700 /* GameView.swift */ = {isa = PBXFileReference; lastKnownFileType = sourcecode.swift; path = GameView.swift; sourceTree = "<group>"; };
		CAA3356D2C5A802400EA9700 /* guessClass.swift */ = {isa = PBXFileReference; lastKnownFileType = sourcecode.swift; path = guessClass.swift; sourceTree = "<group>"; };
		CAB495982C2812BC000F0CF3 /* KotobaDaily.app */ = {isa = PBXFileReference; explicitFileType = wrapper.application; includeInIndex = 0; path = KotobaDaily.app; sourceTree = BUILT_PRODUCTS_DIR; };
		CAB4959B2C2812BC000F0CF3 /* KotobaDailyApp.swift */ = {isa = PBXFileReference; lastKnownFileType = sourcecode.swift; path = KotobaDailyApp.swift; sourceTree = "<group>"; };
		CAB4959D2C2812BC000F0CF3 /* ContentView.swift */ = {isa = PBXFileReference; lastKnownFileType = sourcecode.swift; path = ContentView.swift; sourceTree = "<group>"; };
		CAB4959F2C2812BC000F0CF3 /* Item.swift */ = {isa = PBXFileReference; lastKnownFileType = sourcecode.swift; path = Item.swift; sourceTree = "<group>"; };
		CAB495A12C2812BD000F0CF3 /* Assets.xcassets */ = {isa = PBXFileReference; lastKnownFileType = folder.assetcatalog; path = Assets.xcassets; sourceTree = "<group>"; };
		CAB495A42C2812BD000F0CF3 /* Preview Assets.xcassets */ = {isa = PBXFileReference; lastKnownFileType = folder.assetcatalog; path = "Preview Assets.xcassets"; sourceTree = "<group>"; };
		CAB495AA2C2812BD000F0CF3 /* KotobaDailyTests.xctest */ = {isa = PBXFileReference; explicitFileType = wrapper.cfbundle; includeInIndex = 0; path = KotobaDailyTests.xctest; sourceTree = BUILT_PRODUCTS_DIR; };
		CAB495AE2C2812BD000F0CF3 /* KotobaDailyTests.swift */ = {isa = PBXFileReference; lastKnownFileType = sourcecode.swift; path = KotobaDailyTests.swift; sourceTree = "<group>"; };
		CAB495B42C2812BD000F0CF3 /* KotobaDailyUITests.xctest */ = {isa = PBXFileReference; explicitFileType = wrapper.cfbundle; includeInIndex = 0; path = KotobaDailyUITests.xctest; sourceTree = BUILT_PRODUCTS_DIR; };
		CAB495B82C2812BD000F0CF3 /* KotobaDailyUITests.swift */ = {isa = PBXFileReference; lastKnownFileType = sourcecode.swift; path = KotobaDailyUITests.swift; sourceTree = "<group>"; };
		CAB495BA2C2812BD000F0CF3 /* KotobaDailyUITestsLaunchTests.swift */ = {isa = PBXFileReference; lastKnownFileType = sourcecode.swift; path = KotobaDailyUITestsLaunchTests.swift; sourceTree = "<group>"; };
		CAB495D42C2863A2000F0CF3 /* Info.plist */ = {isa = PBXFileReference; lastKnownFileType = text.plist; path = Info.plist; sourceTree = "<group>"; };
		CAB495D52C2863EB000F0CF3 /* Inter-SemiBold.otf */ = {isa = PBXFileReference; lastKnownFileType = file; path = "Inter-SemiBold.otf"; sourceTree = "<group>"; };
		CAB495D72C28641E000F0CF3 /* Inter-Bold.otf */ = {isa = PBXFileReference; lastKnownFileType = file; path = "Inter-Bold.otf"; sourceTree = "<group>"; };
		CAB495D92C286479000F0CF3 /* FontStyles.swift */ = {isa = PBXFileReference; lastKnownFileType = sourcecode.swift; path = FontStyles.swift; sourceTree = "<group>"; };
		CAB495DB2C286661000F0CF3 /* InterDisplay-Thin.otf */ = {isa = PBXFileReference; lastKnownFileType = file; path = "InterDisplay-Thin.otf"; sourceTree = "<group>"; };
		CAB495DD2C2866C0000F0CF3 /* InterDisplay-Regular.otf */ = {isa = PBXFileReference; lastKnownFileType = file; path = "InterDisplay-Regular.otf"; sourceTree = "<group>"; };
		CAB495DF2C2881E1000F0CF3 /* DailyWordView.swift */ = {isa = PBXFileReference; lastKnownFileType = sourcecode.swift; path = DailyWordView.swift; sourceTree = "<group>"; };
		CAB495E32C2971F4000F0CF3 /* toptext_Display.swift */ = {isa = PBXFileReference; lastKnownFileType = sourcecode.swift; path = toptext_Display.swift; sourceTree = "<group>"; };
		CAB495E72C297333000F0CF3 /* KanjiView.swift */ = {isa = PBXFileReference; lastKnownFileType = sourcecode.swift; path = KanjiView.swift; sourceTree = "<group>"; };
		CAB495E92C29733E000F0CF3 /* SettingsView.swift */ = {isa = PBXFileReference; lastKnownFileType = sourcecode.swift; path = SettingsView.swift; sourceTree = "<group>"; };
		CAB495EB2C297350000F0CF3 /* YesterdayView.swift */ = {isa = PBXFileReference; lastKnownFileType = sourcecode.swift; path = YesterdayView.swift; sourceTree = "<group>"; };
		CAE3AD5A2C2AD43600CA01A8 /* APITests.swift */ = {isa = PBXFileReference; lastKnownFileType = sourcecode.swift; path = APITests.swift; sourceTree = "<group>"; };
		CAE3AD5C2C2AD50C00CA01A8 /* APIStructs.swift */ = {isa = PBXFileReference; lastKnownFileType = sourcecode.swift; path = APIStructs.swift; sourceTree = "<group>"; };
		CAF69EE12C4CF08E00690685 /* settingClass.swift */ = {isa = PBXFileReference; lastKnownFileType = sourcecode.swift; path = settingClass.swift; sourceTree = "<group>"; };
		CAF69EEB2C4D096700690685 /* SwiftUI.framework */ = {isa = PBXFileReference; lastKnownFileType = wrapper.framework; name = SwiftUI.framework; path = System/Library/Frameworks/SwiftUI.framework; sourceTree = SDKROOT; };
		CAF69F1E2C4D0DA600690685 /* WidgetKit.framework */ = {isa = PBXFileReference; lastKnownFileType = wrapper.framework; name = WidgetKit.framework; path = System/Library/Frameworks/WidgetKit.framework; sourceTree = SDKROOT; };
/* End PBXFileReference section */

/* Begin PBXFrameworksBuildPhase section */
		CAB495952C2812BC000F0CF3 /* Frameworks */ = {
			isa = PBXFrameworksBuildPhase;
			buildActionMask = 2147483647;
			files = (
				CAEC54142C6DE3C100034B58 /* GoogleSignIn in Frameworks */,
				CAEC54162C6DE3C100034B58 /* GoogleSignInSwift in Frameworks */,
			);
			runOnlyForDeploymentPostprocessing = 0;
		};
		CAB495A72C2812BD000F0CF3 /* Frameworks */ = {
			isa = PBXFrameworksBuildPhase;
			buildActionMask = 2147483647;
			files = (
			);
			runOnlyForDeploymentPostprocessing = 0;
		};
		CAB495B12C2812BD000F0CF3 /* Frameworks */ = {
			isa = PBXFrameworksBuildPhase;
			buildActionMask = 2147483647;
			files = (
			);
			runOnlyForDeploymentPostprocessing = 0;
		};
/* End PBXFrameworksBuildPhase section */

/* Begin PBXGroup section */
		CAB4958F2C2812BC000F0CF3 = {
			isa = PBXGroup;
			children = (
				CAB4959A2C2812BC000F0CF3 /* KotobaDaily */,
				CAB495AD2C2812BD000F0CF3 /* KotobaDailyTests */,
				CAF69EE02C4CDDA400690685 /* Old_Version */,
				CAB495B72C2812BD000F0CF3 /* KotobaDailyUITests */,
				CAF69EE82C4D096700690685 /* Frameworks */,
				CAB495992C2812BC000F0CF3 /* Products */,
			);
			sourceTree = "<group>";
		};
		CAB495992C2812BC000F0CF3 /* Products */ = {
			isa = PBXGroup;
			children = (
				CAB495982C2812BC000F0CF3 /* KotobaDaily.app */,
				CAB495AA2C2812BD000F0CF3 /* KotobaDailyTests.xctest */,
				CAB495B42C2812BD000F0CF3 /* KotobaDailyUITests.xctest */,
			);
			name = Products;
			sourceTree = "<group>";
		};
		CAB4959A2C2812BC000F0CF3 /* KotobaDaily */ = {
			isa = PBXGroup;
			children = (
				CA67E7A42C692903000E03BB /* AuthCode.plist */,
				CAB495D42C2863A2000F0CF3 /* Info.plist */,
				CAB4959B2C2812BC000F0CF3 /* KotobaDailyApp.swift */,
				CAB4959D2C2812BC000F0CF3 /* ContentView.swift */,
				CAB495E32C2971F4000F0CF3 /* toptext_Display.swift */,
				CAB495DF2C2881E1000F0CF3 /* DailyWordView.swift */,
				CA8056592C68F5D4002A8A4C /* FavoriteView.swift */,
				CAB495EB2C297350000F0CF3 /* YesterdayView.swift */,
				CAB495E92C29733E000F0CF3 /* SettingsView.swift */,
				CA80565B2C68FBAA002A8A4C /* GoogleSignInButton.swift */,
				CAE3AD5A2C2AD43600CA01A8 /* APITests.swift */,
				CAE3AD5C2C2AD50C00CA01A8 /* APIStructs.swift */,
				CAB4959F2C2812BC000F0CF3 /* Item.swift */,
				CA67E79F2C6906B9000E03BB /* AppDelegateClass.swift */,
				CAF69EE12C4CF08E00690685 /* settingClass.swift */,
				CAB495CF2C286168000F0CF3 /* Fonts */,
				CAB495A12C2812BD000F0CF3 /* Assets.xcassets */,
				CAB495A32C2812BD000F0CF3 /* Preview Content */,
				CAB495D92C286479000F0CF3 /* FontStyles.swift */,
			);
			path = KotobaDaily;
			sourceTree = "<group>";
		};
		CAB495A32C2812BD000F0CF3 /* Preview Content */ = {
			isa = PBXGroup;
			children = (
				CAB495A42C2812BD000F0CF3 /* Preview Assets.xcassets */,
			);
			path = "Preview Content";
			sourceTree = "<group>";
		};
		CAB495AD2C2812BD000F0CF3 /* KotobaDailyTests */ = {
			isa = PBXGroup;
			children = (
				CAB495AE2C2812BD000F0CF3 /* KotobaDailyTests.swift */,
			);
			path = KotobaDailyTests;
			sourceTree = "<group>";
		};
		CAB495B72C2812BD000F0CF3 /* KotobaDailyUITests */ = {
			isa = PBXGroup;
			children = (
				CAB495B82C2812BD000F0CF3 /* KotobaDailyUITests.swift */,
				CAB495BA2C2812BD000F0CF3 /* KotobaDailyUITestsLaunchTests.swift */,
			);
			path = KotobaDailyUITests;
			sourceTree = "<group>";
		};
		CAB495CF2C286168000F0CF3 /* Fonts */ = {
			isa = PBXGroup;
			children = (
				CA67E7B12C6AE0E5000E03BB /* NewYorkMedium-Black.otf */,
				CA67E7B22C6AE0E5000E03BB /* NewYorkMedium-BlackItalic.otf */,
				CA67E7A82C6AE0E4000E03BB /* NewYorkMedium-Bold.otf */,
				CA67E7A92C6AE0E4000E03BB /* NewYorkMedium-BoldItalic.otf */,
				CA67E7B32C6AE0E5000E03BB /* NewYorkMedium-Heavy.otf */,
				CA67E7AE2C6AE0E4000E03BB /* NewYorkMedium-HeavyItalic.otf */,
				CA67E7AC2C6AE0E4000E03BB /* NewYorkMedium-Medium.otf */,
				CA67E7B02C6AE0E4000E03BB /* NewYorkMedium-MediumItalic.otf */,
				CA67E7AA2C6AE0E4000E03BB /* NewYorkMedium-Regular.otf */,
				CA67E7AD2C6AE0E4000E03BB /* NewYorkMedium-RegularItalic.otf */,
				CA67E7AB2C6AE0E4000E03BB /* NewYorkMedium-Semibold.otf */,
				CA67E7AF2C6AE0E4000E03BB /* NewYorkMedium-SemiboldItalic.otf */,
				CA67E7A72C6A40B5000E03BB /* Gen Jyuu Gothic Monospace Light.ttf */,
				CA67E7A62C6A40AB000E03BB /* Gen Jyuu Gothic Monospace Medium.ttf */,
				CAB495D72C28641E000F0CF3 /* Inter-Bold.otf */,
				CAB495D52C2863EB000F0CF3 /* Inter-SemiBold.otf */,
				CAB495DB2C286661000F0CF3 /* InterDisplay-Thin.otf */,
				CAB495DD2C2866C0000F0CF3 /* InterDisplay-Regular.otf */,
			);
			path = Fonts;
			sourceTree = "<group>";
		};
		CAF69EE02C4CDDA400690685 /* Old_Version */ = {
			isa = PBXGroup;
			children = (
				CAA335692C5A526500EA9700 /* GameView.swift */,
				CAA3356D2C5A802400EA9700 /* guessClass.swift */,
				CAB495E72C297333000F0CF3 /* KanjiView.swift */,
			);
			path = Old_Version;
			sourceTree = "<group>";
		};
		CAF69EE82C4D096700690685 /* Frameworks */ = {
			isa = PBXGroup;
			children = (
				CAF69EEB2C4D096700690685 /* SwiftUI.framework */,
				CAF69F1E2C4D0DA600690685 /* WidgetKit.framework */,
			);
			name = Frameworks;
			sourceTree = "<group>";
		};
/* End PBXGroup section */

/* Begin PBXNativeTarget section */
		CAB495972C2812BC000F0CF3 /* KotobaDaily */ = {
			isa = PBXNativeTarget;
			buildConfigurationList = CAB495BE2C2812BD000F0CF3 /* Build configuration list for PBXNativeTarget "KotobaDaily" */;
			buildPhases = (
				CAB495942C2812BC000F0CF3 /* Sources */,
				CAB495952C2812BC000F0CF3 /* Frameworks */,
				CAB495962C2812BC000F0CF3 /* Resources */,
				CAF69EFF2C4D096900690685 /* Embed Foundation Extensions */,
			);
			buildRules = (
			);
			dependencies = (
			);
			name = KotobaDaily;
			packageProductDependencies = (
				CAEC54132C6DE3C100034B58 /* GoogleSignIn */,
				CAEC54152C6DE3C100034B58 /* GoogleSignInSwift */,
			);
			productName = KotobaDaily;
			productReference = CAB495982C2812BC000F0CF3 /* KotobaDaily.app */;
			productType = "com.apple.product-type.application";
		};
		CAB495A92C2812BD000F0CF3 /* KotobaDailyTests */ = {
			isa = PBXNativeTarget;
			buildConfigurationList = CAB495C12C2812BD000F0CF3 /* Build configuration list for PBXNativeTarget "KotobaDailyTests" */;
			buildPhases = (
				CAB495A62C2812BD000F0CF3 /* Sources */,
				CAB495A72C2812BD000F0CF3 /* Frameworks */,
				CAB495A82C2812BD000F0CF3 /* Resources */,
			);
			buildRules = (
			);
			dependencies = (
				CAB495AC2C2812BD000F0CF3 /* PBXTargetDependency */,
			);
			name = KotobaDailyTests;
			productName = KotobaDailyTests;
			productReference = CAB495AA2C2812BD000F0CF3 /* KotobaDailyTests.xctest */;
			productType = "com.apple.product-type.bundle.unit-test";
		};
		CAB495B32C2812BD000F0CF3 /* KotobaDailyUITests */ = {
			isa = PBXNativeTarget;
			buildConfigurationList = CAB495C42C2812BD000F0CF3 /* Build configuration list for PBXNativeTarget "KotobaDailyUITests" */;
			buildPhases = (
				CAB495B02C2812BD000F0CF3 /* Sources */,
				CAB495B12C2812BD000F0CF3 /* Frameworks */,
				CAB495B22C2812BD000F0CF3 /* Resources */,
			);
			buildRules = (
			);
			dependencies = (
				CAB495B62C2812BD000F0CF3 /* PBXTargetDependency */,
			);
			name = KotobaDailyUITests;
			productName = KotobaDailyUITests;
			productReference = CAB495B42C2812BD000F0CF3 /* KotobaDailyUITests.xctest */;
			productType = "com.apple.product-type.bundle.ui-testing";
		};
/* End PBXNativeTarget section */

/* Begin PBXProject section */
		CAB495902C2812BC000F0CF3 /* Project object */ = {
			isa = PBXProject;
			attributes = {
				BuildIndependentTargetsInParallel = 1;
				LastSwiftUpdateCheck = 1540;
				LastUpgradeCheck = 1540;
				TargetAttributes = {
					CAB495972C2812BC000F0CF3 = {
						CreatedOnToolsVersion = 15.4;
					};
					CAB495A92C2812BD000F0CF3 = {
						CreatedOnToolsVersion = 15.4;
						TestTargetID = CAB495972C2812BC000F0CF3;
					};
					CAB495B32C2812BD000F0CF3 = {
						CreatedOnToolsVersion = 15.4;
						TestTargetID = CAB495972C2812BC000F0CF3;
					};
				};
			};
			buildConfigurationList = CAB495932C2812BC000F0CF3 /* Build configuration list for PBXProject "KotobaDaily" */;
			compatibilityVersion = "Xcode 14.0";
			developmentRegion = en;
			hasScannedForEncodings = 0;
			knownRegions = (
				en,
				Base,
			);
			mainGroup = CAB4958F2C2812BC000F0CF3;
			packageReferences = (
				CAEC54122C6DE38E00034B58 /* XCRemoteSwiftPackageReference "GoogleSignIn-iOS" */,
			);
			productRefGroup = CAB495992C2812BC000F0CF3 /* Products */;
			projectDirPath = "";
			projectRoot = "";
			targets = (
				CAB495972C2812BC000F0CF3 /* KotobaDaily */,
				CAB495A92C2812BD000F0CF3 /* KotobaDailyTests */,
				CAB495B32C2812BD000F0CF3 /* KotobaDailyUITests */,
			);
		};
/* End PBXProject section */

/* Begin PBXResourcesBuildPhase section */
		CAB495962C2812BC000F0CF3 /* Resources */ = {
			isa = PBXResourcesBuildPhase;
			buildActionMask = 2147483647;
			files = (
				CAB495A52C2812BD000F0CF3 /* Preview Assets.xcassets in Resources */,
				CA67E7C12C6AEB03000E03BB /* NewYorkMedium-BlackItalic.otf in Resources */,
				CA67E7B42C6AEADA000E03BB /* NewYorkMedium-MediumItalic.otf in Resources */,
				CA67E7B52C6AEADD000E03BB /* NewYorkMedium-Black.otf in Resources */,
				CA67E7BD2C6AEAF7000E03BB /* NewYorkMedium-HeavyItalic.otf in Resources */,
				CAB495D82C28641E000F0CF3 /* Inter-Bold.otf in Resources */,
				CA67E7B92C6AEAEC000E03BB /* NewYorkMedium-Semibold.otf in Resources */,
				CA67E7BE2C6AEAFB000E03BB /* NewYorkMedium-Heavy.otf in Resources */,
				CA67E7B72C6AEAE6000E03BB /* Gen Jyuu Gothic Monospace Light.ttf in Resources */,
				CAB495DE2C2866C0000F0CF3 /* InterDisplay-Regular.otf in Resources */,
				CA67E7BA2C6AEAEE000E03BB /* NewYorkMedium-RegularItalic.otf in Resources */,
				CAB495D62C2863EB000F0CF3 /* Inter-SemiBold.otf in Resources */,
				CAB495DC2C286661000F0CF3 /* InterDisplay-Thin.otf in Resources */,
				CA67E7BB2C6AEAF0000E03BB /* NewYorkMedium-Regular.otf in Resources */,
				CAB495A22C2812BD000F0CF3 /* Assets.xcassets in Resources */,
				CA67E7A52C692903000E03BB /* AuthCode.plist in Resources */,
				CA67E7C02C6AEB01000E03BB /* NewYorkMedium-Bold.otf in Resources */,
				CA67E7BC2C6AEAF4000E03BB /* NewYorkMedium-Medium.otf in Resources */,
				CA67E7B82C6AEAE9000E03BB /* NewYorkMedium-SemiboldItalic.otf in Resources */,
				CA67E7BF2C6AEAFD000E03BB /* NewYorkMedium-BoldItalic.otf in Resources */,
				CA67E7B62C6AEAE4000E03BB /* Gen Jyuu Gothic Monospace Medium.ttf in Resources */,
			);
			runOnlyForDeploymentPostprocessing = 0;
		};
		CAB495A82C2812BD000F0CF3 /* Resources */ = {
			isa = PBXResourcesBuildPhase;
			buildActionMask = 2147483647;
			files = (
			);
			runOnlyForDeploymentPostprocessing = 0;
		};
		CAB495B22C2812BD000F0CF3 /* Resources */ = {
			isa = PBXResourcesBuildPhase;
			buildActionMask = 2147483647;
			files = (
			);
			runOnlyForDeploymentPostprocessing = 0;
		};
/* End PBXResourcesBuildPhase section */

/* Begin PBXSourcesBuildPhase section */
		CAB495942C2812BC000F0CF3 /* Sources */ = {
			isa = PBXSourcesBuildPhase;
			buildActionMask = 2147483647;
			files = (
				CAE3AD5B2C2AD43600CA01A8 /* APITests.swift in Sources */,
				CAB4959E2C2812BC000F0CF3 /* ContentView.swift in Sources */,
				CAB495E02C2881E1000F0CF3 /* DailyWordView.swift in Sources */,
				CAF69EE22C4CF08E00690685 /* settingClass.swift in Sources */,
				CA80565C2C68FBAA002A8A4C /* GoogleSignInButton.swift in Sources */,
				CAA3356E2C5A802400EA9700 /* guessClass.swift in Sources */,
				CAB495E82C297333000F0CF3 /* KanjiView.swift in Sources */,
				CAB495EA2C29733E000F0CF3 /* SettingsView.swift in Sources */,
				CAE3AD5D2C2AD50C00CA01A8 /* APIStructs.swift in Sources */,
				CAB495A02C2812BC000F0CF3 /* Item.swift in Sources */,
				CA67E7A02C6906B9000E03BB /* AppDelegateClass.swift in Sources */,
				CAB495DA2C286479000F0CF3 /* FontStyles.swift in Sources */,
				CAB4959C2C2812BC000F0CF3 /* KotobaDailyApp.swift in Sources */,
				CAB495EC2C297350000F0CF3 /* YesterdayView.swift in Sources */,
				CAA3356A2C5A526500EA9700 /* GameView.swift in Sources */,
				CA80565A2C68F5D4002A8A4C /* FavoriteView.swift in Sources */,
				CAB495E42C2971F4000F0CF3 /* toptext_Display.swift in Sources */,
			);
			runOnlyForDeploymentPostprocessing = 0;
		};
		CAB495A62C2812BD000F0CF3 /* Sources */ = {
			isa = PBXSourcesBuildPhase;
			buildActionMask = 2147483647;
			files = (
				CAB495AF2C2812BD000F0CF3 /* KotobaDailyTests.swift in Sources */,
			);
			runOnlyForDeploymentPostprocessing = 0;
		};
		CAB495B02C2812BD000F0CF3 /* Sources */ = {
			isa = PBXSourcesBuildPhase;
			buildActionMask = 2147483647;
			files = (
				CAB495BB2C2812BD000F0CF3 /* KotobaDailyUITestsLaunchTests.swift in Sources */,
				CAB495B92C2812BD000F0CF3 /* KotobaDailyUITests.swift in Sources */,
			);
			runOnlyForDeploymentPostprocessing = 0;
		};
/* End PBXSourcesBuildPhase section */

/* Begin PBXTargetDependency section */
		CAB495AC2C2812BD000F0CF3 /* PBXTargetDependency */ = {
			isa = PBXTargetDependency;
			target = CAB495972C2812BC000F0CF3 /* KotobaDaily */;
			targetProxy = CAB495AB2C2812BD000F0CF3 /* PBXContainerItemProxy */;
		};
		CAB495B62C2812BD000F0CF3 /* PBXTargetDependency */ = {
			isa = PBXTargetDependency;
			target = CAB495972C2812BC000F0CF3 /* KotobaDaily */;
			targetProxy = CAB495B52C2812BD000F0CF3 /* PBXContainerItemProxy */;
		};
/* End PBXTargetDependency section */

/* Begin XCBuildConfiguration section */
		CAB495BC2C2812BD000F0CF3 /* Debug */ = {
			isa = XCBuildConfiguration;
			buildSettings = {
				ALWAYS_SEARCH_USER_PATHS = NO;
				ASSETCATALOG_COMPILER_GENERATE_SWIFT_ASSET_SYMBOL_EXTENSIONS = YES;
				CLANG_ANALYZER_NONNULL = YES;
				CLANG_ANALYZER_NUMBER_OBJECT_CONVERSION = YES_AGGRESSIVE;
				CLANG_CXX_LANGUAGE_STANDARD = "gnu++20";
				CLANG_ENABLE_MODULES = YES;
				CLANG_ENABLE_OBJC_ARC = YES;
				CLANG_ENABLE_OBJC_WEAK = YES;
				CLANG_WARN_BLOCK_CAPTURE_AUTORELEASING = YES;
				CLANG_WARN_BOOL_CONVERSION = YES;
				CLANG_WARN_COMMA = YES;
				CLANG_WARN_CONSTANT_CONVERSION = YES;
				CLANG_WARN_DEPRECATED_OBJC_IMPLEMENTATIONS = YES;
				CLANG_WARN_DIRECT_OBJC_ISA_USAGE = YES_ERROR;
				CLANG_WARN_DOCUMENTATION_COMMENTS = YES;
				CLANG_WARN_EMPTY_BODY = YES;
				CLANG_WARN_ENUM_CONVERSION = YES;
				CLANG_WARN_INFINITE_RECURSION = YES;
				CLANG_WARN_INT_CONVERSION = YES;
				CLANG_WARN_NON_LITERAL_NULL_CONVERSION = YES;
				CLANG_WARN_OBJC_IMPLICIT_RETAIN_SELF = YES;
				CLANG_WARN_OBJC_LITERAL_CONVERSION = YES;
				CLANG_WARN_OBJC_ROOT_CLASS = YES_ERROR;
				CLANG_WARN_QUOTED_INCLUDE_IN_FRAMEWORK_HEADER = YES;
				CLANG_WARN_RANGE_LOOP_ANALYSIS = YES;
				CLANG_WARN_STRICT_PROTOTYPES = YES;
				CLANG_WARN_SUSPICIOUS_MOVE = YES;
				CLANG_WARN_UNGUARDED_AVAILABILITY = YES_AGGRESSIVE;
				CLANG_WARN_UNREACHABLE_CODE = YES;
				CLANG_WARN__DUPLICATE_METHOD_MATCH = YES;
				COPY_PHASE_STRIP = NO;
				DEBUG_INFORMATION_FORMAT = dwarf;
				ENABLE_STRICT_OBJC_MSGSEND = YES;
				ENABLE_TESTABILITY = YES;
				ENABLE_USER_SCRIPT_SANDBOXING = NO;
				GCC_C_LANGUAGE_STANDARD = gnu17;
				GCC_DYNAMIC_NO_PIC = NO;
				GCC_NO_COMMON_BLOCKS = YES;
				GCC_OPTIMIZATION_LEVEL = 0;
				GCC_PREPROCESSOR_DEFINITIONS = (
					"DEBUG=1",
					"$(inherited)",
				);
				GCC_WARN_64_TO_32_BIT_CONVERSION = YES;
				GCC_WARN_ABOUT_RETURN_TYPE = YES_ERROR;
				GCC_WARN_UNDECLARED_SELECTOR = YES;
				GCC_WARN_UNINITIALIZED_AUTOS = YES_AGGRESSIVE;
				GCC_WARN_UNUSED_FUNCTION = YES;
				GCC_WARN_UNUSED_VARIABLE = YES;
				IPHONEOS_DEPLOYMENT_TARGET = 17.5;
				LOCALIZATION_PREFERS_STRING_CATALOGS = YES;
				MTL_ENABLE_DEBUG_INFO = INCLUDE_SOURCE;
				MTL_FAST_MATH = YES;
				ONLY_ACTIVE_ARCH = YES;
				SDKROOT = iphoneos;
				SWIFT_ACTIVE_COMPILATION_CONDITIONS = "DEBUG $(inherited)";
				SWIFT_OPTIMIZATION_LEVEL = "-Onone";
			};
			name = Debug;
		};
		CAB495BD2C2812BD000F0CF3 /* Release */ = {
			isa = XCBuildConfiguration;
			buildSettings = {
				ALWAYS_SEARCH_USER_PATHS = NO;
				ASSETCATALOG_COMPILER_GENERATE_SWIFT_ASSET_SYMBOL_EXTENSIONS = YES;
				CLANG_ANALYZER_NONNULL = YES;
				CLANG_ANALYZER_NUMBER_OBJECT_CONVERSION = YES_AGGRESSIVE;
				CLANG_CXX_LANGUAGE_STANDARD = "gnu++20";
				CLANG_ENABLE_MODULES = YES;
				CLANG_ENABLE_OBJC_ARC = YES;
				CLANG_ENABLE_OBJC_WEAK = YES;
				CLANG_WARN_BLOCK_CAPTURE_AUTORELEASING = YES;
				CLANG_WARN_BOOL_CONVERSION = YES;
				CLANG_WARN_COMMA = YES;
				CLANG_WARN_CONSTANT_CONVERSION = YES;
				CLANG_WARN_DEPRECATED_OBJC_IMPLEMENTATIONS = YES;
				CLANG_WARN_DIRECT_OBJC_ISA_USAGE = YES_ERROR;
				CLANG_WARN_DOCUMENTATION_COMMENTS = YES;
				CLANG_WARN_EMPTY_BODY = YES;
				CLANG_WARN_ENUM_CONVERSION = YES;
				CLANG_WARN_INFINITE_RECURSION = YES;
				CLANG_WARN_INT_CONVERSION = YES;
				CLANG_WARN_NON_LITERAL_NULL_CONVERSION = YES;
				CLANG_WARN_OBJC_IMPLICIT_RETAIN_SELF = YES;
				CLANG_WARN_OBJC_LITERAL_CONVERSION = YES;
				CLANG_WARN_OBJC_ROOT_CLASS = YES_ERROR;
				CLANG_WARN_QUOTED_INCLUDE_IN_FRAMEWORK_HEADER = YES;
				CLANG_WARN_RANGE_LOOP_ANALYSIS = YES;
				CLANG_WARN_STRICT_PROTOTYPES = YES;
				CLANG_WARN_SUSPICIOUS_MOVE = YES;
				CLANG_WARN_UNGUARDED_AVAILABILITY = YES_AGGRESSIVE;
				CLANG_WARN_UNREACHABLE_CODE = YES;
				CLANG_WARN__DUPLICATE_METHOD_MATCH = YES;
				COPY_PHASE_STRIP = NO;
				DEBUG_INFORMATION_FORMAT = "dwarf-with-dsym";
				ENABLE_NS_ASSERTIONS = NO;
				ENABLE_STRICT_OBJC_MSGSEND = YES;
				ENABLE_USER_SCRIPT_SANDBOXING = NO;
				GCC_C_LANGUAGE_STANDARD = gnu17;
				GCC_NO_COMMON_BLOCKS = YES;
				GCC_WARN_64_TO_32_BIT_CONVERSION = YES;
				GCC_WARN_ABOUT_RETURN_TYPE = YES_ERROR;
				GCC_WARN_UNDECLARED_SELECTOR = YES;
				GCC_WARN_UNINITIALIZED_AUTOS = YES_AGGRESSIVE;
				GCC_WARN_UNUSED_FUNCTION = YES;
				GCC_WARN_UNUSED_VARIABLE = YES;
				IPHONEOS_DEPLOYMENT_TARGET = 17.5;
				LOCALIZATION_PREFERS_STRING_CATALOGS = YES;
				MTL_ENABLE_DEBUG_INFO = NO;
				MTL_FAST_MATH = YES;
				SDKROOT = iphoneos;
				SWIFT_COMPILATION_MODE = wholemodule;
				VALIDATE_PRODUCT = YES;
			};
			name = Release;
		};
		CAB495BF2C2812BD000F0CF3 /* Debug */ = {
			isa = XCBuildConfiguration;
			buildSettings = {
				ASSETCATALOG_COMPILER_APPICON_NAME = AppIcon;
				ASSETCATALOG_COMPILER_GLOBAL_ACCENT_COLOR_NAME = AccentColor;
				CODE_SIGN_STYLE = Automatic;
				CURRENT_PROJECT_VERSION = 1;
				DEVELOPMENT_ASSET_PATHS = "\"KotobaDaily/Preview Content\"";
				DEVELOPMENT_TEAM = J2M3KZM5B5;
				ENABLE_PREVIEWS = YES;
				GENERATE_INFOPLIST_FILE = YES;
				INFOPLIST_FILE = KotobaDaily/Info.plist;
				INFOPLIST_KEY_UIApplicationSceneManifest_Generation = YES;
				INFOPLIST_KEY_UIApplicationSupportsIndirectInputEvents = YES;
				INFOPLIST_KEY_UILaunchScreen_Generation = YES;
				INFOPLIST_KEY_UISupportedInterfaceOrientations_iPad = "UIInterfaceOrientationPortrait UIInterfaceOrientationPortraitUpsideDown UIInterfaceOrientationLandscapeLeft UIInterfaceOrientationLandscapeRight";
				INFOPLIST_KEY_UISupportedInterfaceOrientations_iPhone = "UIInterfaceOrientationPortrait UIInterfaceOrientationLandscapeLeft UIInterfaceOrientationLandscapeRight";
				LD_RUNPATH_SEARCH_PATHS = (
					"$(inherited)",
					"@executable_path/Frameworks",
				);
				MARKETING_VERSION = 1.0;
				PRODUCT_BUNDLE_IDENTIFIER = Testing.KotobaDaily;
				PRODUCT_NAME = "$(TARGET_NAME)";
				SWIFT_EMIT_LOC_STRINGS = YES;
				SWIFT_VERSION = 5.0;
				TARGETED_DEVICE_FAMILY = "1,2";
			};
			name = Debug;
		};
		CAB495C02C2812BD000F0CF3 /* Release */ = {
			isa = XCBuildConfiguration;
			buildSettings = {
				ASSETCATALOG_COMPILER_APPICON_NAME = AppIcon;
				ASSETCATALOG_COMPILER_GLOBAL_ACCENT_COLOR_NAME = AccentColor;
				CODE_SIGN_STYLE = Automatic;
				CURRENT_PROJECT_VERSION = 1;
				DEVELOPMENT_ASSET_PATHS = "\"KotobaDaily/Preview Content\"";
				DEVELOPMENT_TEAM = J2M3KZM5B5;
				ENABLE_PREVIEWS = YES;
				GENERATE_INFOPLIST_FILE = YES;
				INFOPLIST_FILE = KotobaDaily/Info.plist;
				INFOPLIST_KEY_UIApplicationSceneManifest_Generation = YES;
				INFOPLIST_KEY_UIApplicationSupportsIndirectInputEvents = YES;
				INFOPLIST_KEY_UILaunchScreen_Generation = YES;
				INFOPLIST_KEY_UISupportedInterfaceOrientations_iPad = "UIInterfaceOrientationPortrait UIInterfaceOrientationPortraitUpsideDown UIInterfaceOrientationLandscapeLeft UIInterfaceOrientationLandscapeRight";
				INFOPLIST_KEY_UISupportedInterfaceOrientations_iPhone = "UIInterfaceOrientationPortrait UIInterfaceOrientationLandscapeLeft UIInterfaceOrientationLandscapeRight";
				LD_RUNPATH_SEARCH_PATHS = (
					"$(inherited)",
					"@executable_path/Frameworks",
				);
				MARKETING_VERSION = 1.0;
				PRODUCT_BUNDLE_IDENTIFIER = Testing.KotobaDaily;
				PRODUCT_NAME = "$(TARGET_NAME)";
				SWIFT_EMIT_LOC_STRINGS = YES;
				SWIFT_VERSION = 5.0;
				TARGETED_DEVICE_FAMILY = "1,2";
			};
			name = Release;
		};
		CAB495C22C2812BD000F0CF3 /* Debug */ = {
			isa = XCBuildConfiguration;
			buildSettings = {
				ALWAYS_EMBED_SWIFT_STANDARD_LIBRARIES = YES;
				BUNDLE_LOADER = "$(TEST_HOST)";
				CODE_SIGN_STYLE = Automatic;
				CURRENT_PROJECT_VERSION = 1;
				DEVELOPMENT_TEAM = J2M3KZM5B5;
				GENERATE_INFOPLIST_FILE = YES;
				IPHONEOS_DEPLOYMENT_TARGET = 17.5;
				MARKETING_VERSION = 1.0;
				PRODUCT_BUNDLE_IDENTIFIER = Testing.KotobaDailyTests;
				PRODUCT_NAME = "$(TARGET_NAME)";
				SWIFT_EMIT_LOC_STRINGS = NO;
				SWIFT_VERSION = 5.0;
				TARGETED_DEVICE_FAMILY = "1,2";
				TEST_HOST = "$(BUILT_PRODUCTS_DIR)/KotobaDaily.app/$(BUNDLE_EXECUTABLE_FOLDER_PATH)/KotobaDaily";
			};
			name = Debug;
		};
		CAB495C32C2812BD000F0CF3 /* Release */ = {
			isa = XCBuildConfiguration;
			buildSettings = {
				ALWAYS_EMBED_SWIFT_STANDARD_LIBRARIES = YES;
				BUNDLE_LOADER = "$(TEST_HOST)";
				CODE_SIGN_STYLE = Automatic;
				CURRENT_PROJECT_VERSION = 1;
				DEVELOPMENT_TEAM = J2M3KZM5B5;
				GENERATE_INFOPLIST_FILE = YES;
				IPHONEOS_DEPLOYMENT_TARGET = 17.5;
				MARKETING_VERSION = 1.0;
				PRODUCT_BUNDLE_IDENTIFIER = Testing.KotobaDailyTests;
				PRODUCT_NAME = "$(TARGET_NAME)";
				SWIFT_EMIT_LOC_STRINGS = NO;
				SWIFT_VERSION = 5.0;
				TARGETED_DEVICE_FAMILY = "1,2";
				TEST_HOST = "$(BUILT_PRODUCTS_DIR)/KotobaDaily.app/$(BUNDLE_EXECUTABLE_FOLDER_PATH)/KotobaDaily";
			};
			name = Release;
		};
		CAB495C52C2812BD000F0CF3 /* Debug */ = {
			isa = XCBuildConfiguration;
			buildSettings = {
				ALWAYS_EMBED_SWIFT_STANDARD_LIBRARIES = YES;
				CODE_SIGN_STYLE = Automatic;
				CURRENT_PROJECT_VERSION = 1;
				DEVELOPMENT_TEAM = J2M3KZM5B5;
				GENERATE_INFOPLIST_FILE = YES;
				MARKETING_VERSION = 1.0;
				PRODUCT_BUNDLE_IDENTIFIER = Testing.KotobaDailyUITests;
				PRODUCT_NAME = "$(TARGET_NAME)";
				SWIFT_EMIT_LOC_STRINGS = NO;
				SWIFT_VERSION = 5.0;
				TARGETED_DEVICE_FAMILY = "1,2";
				TEST_TARGET_NAME = KotobaDaily;
			};
			name = Debug;
		};
		CAB495C62C2812BD000F0CF3 /* Release */ = {
			isa = XCBuildConfiguration;
			buildSettings = {
				ALWAYS_EMBED_SWIFT_STANDARD_LIBRARIES = YES;
				CODE_SIGN_STYLE = Automatic;
				CURRENT_PROJECT_VERSION = 1;
				DEVELOPMENT_TEAM = J2M3KZM5B5;
				GENERATE_INFOPLIST_FILE = YES;
				MARKETING_VERSION = 1.0;
				PRODUCT_BUNDLE_IDENTIFIER = Testing.KotobaDailyUITests;
				PRODUCT_NAME = "$(TARGET_NAME)";
				SWIFT_EMIT_LOC_STRINGS = NO;
				SWIFT_VERSION = 5.0;
				TARGETED_DEVICE_FAMILY = "1,2";
				TEST_TARGET_NAME = KotobaDaily;
			};
			name = Release;
		};
/* End XCBuildConfiguration section */

/* Begin XCConfigurationList section */
		CAB495932C2812BC000F0CF3 /* Build configuration list for PBXProject "KotobaDaily" */ = {
			isa = XCConfigurationList;
			buildConfigurations = (
				CAB495BC2C2812BD000F0CF3 /* Debug */,
				CAB495BD2C2812BD000F0CF3 /* Release */,
			);
			defaultConfigurationIsVisible = 0;
			defaultConfigurationName = Release;
		};
		CAB495BE2C2812BD000F0CF3 /* Build configuration list for PBXNativeTarget "KotobaDaily" */ = {
			isa = XCConfigurationList;
			buildConfigurations = (
				CAB495BF2C2812BD000F0CF3 /* Debug */,
				CAB495C02C2812BD000F0CF3 /* Release */,
			);
			defaultConfigurationIsVisible = 0;
			defaultConfigurationName = Release;
		};
		CAB495C12C2812BD000F0CF3 /* Build configuration list for PBXNativeTarget "KotobaDailyTests" */ = {
			isa = XCConfigurationList;
			buildConfigurations = (
				CAB495C22C2812BD000F0CF3 /* Debug */,
				CAB495C32C2812BD000F0CF3 /* Release */,
			);
			defaultConfigurationIsVisible = 0;
			defaultConfigurationName = Release;
		};
		CAB495C42C2812BD000F0CF3 /* Build configuration list for PBXNativeTarget "KotobaDailyUITests" */ = {
			isa = XCConfigurationList;
			buildConfigurations = (
				CAB495C52C2812BD000F0CF3 /* Debug */,
				CAB495C62C2812BD000F0CF3 /* Release */,
			);
			defaultConfigurationIsVisible = 0;
			defaultConfigurationName = Release;
		};
/* End XCConfigurationList section */

/* Begin XCRemoteSwiftPackageReference section */
		CAEC54122C6DE38E00034B58 /* XCRemoteSwiftPackageReference "GoogleSignIn-iOS" */ = {
			isa = XCRemoteSwiftPackageReference;
			repositoryURL = "https://github.com/google/GoogleSignIn-iOS";
			requirement = {
				kind = upToNextMajorVersion;
				minimumVersion = 8.0.0;
			};
		};
/* End XCRemoteSwiftPackageReference section */

/* Begin XCSwiftPackageProductDependency section */
		CAEC54132C6DE3C100034B58 /* GoogleSignIn */ = {
			isa = XCSwiftPackageProductDependency;
			package = CAEC54122C6DE38E00034B58 /* XCRemoteSwiftPackageReference "GoogleSignIn-iOS" */;
			productName = GoogleSignIn;
		};
		CAEC54152C6DE3C100034B58 /* GoogleSignInSwift */ = {
			isa = XCSwiftPackageProductDependency;
			package = CAEC54122C6DE38E00034B58 /* XCRemoteSwiftPackageReference "GoogleSignIn-iOS" */;
			productName = GoogleSignInSwift;
		};
/* End XCSwiftPackageProductDependency section */
	};
	rootObject = CAB495902C2812BC000F0CF3 /* Project object */;
}
